
Microsoft Visual Studio Solution File, Format Version 12.00
# Visual Studio 2013
VisualStudioVersion = 12.0.40629.0
MinimumVisualStudioVersion = 10.0.40219.1
Project("{FAE04EC0-301F-11D3-BF4B-00C04F79EFBC}") = "RHF.Demo", "RHF.Demo.csproj", "{E0A99485-22EF-4D6C-B728-2EAB7E967658}"
EndProject
Global
	GlobalSection(SourceCodeControl) = preSolution
		SccNumberOfProjects = 1
		SccProjectUniqueName0 = RHF.Demo.csproj
		SccProjectName0 = \u0022$/010_Source/FrameworkForReadHouse/RHF.Demo\u0022,\u0020CFAAAAAA
		SccLocalPath0 = .
		SccProvider0 = MSSCCI:Microsoft\u0020Visual\u0020SourceSafe
	EndGlobalSection
	GlobalSection(SolutionConfigurationPlatforms) = preSolution
		Debug|Any CPU = Debug|Any CPU
		Release|Any CPU = Release|Any CPU
	EndGlobalSection
	GlobalSection(ProjectConfigurationPlatforms) = postSolution
		{E0A99485-22EF-4D6C-B728-2EAB7E967658}.Debug|Any CPU.ActiveCfg = Debug|Any CPU
		{E0A99485-22EF-4D6C-B728-2EAB7E967658}.Debug|Any CPU.Build.0 = Debug|Any CPU
		{E0A99485-22EF-4D6C-B728-2EAB7E967658}.Release|Any CPU.ActiveCfg = Release|Any CPU
		{E0A99485-22EF-4D6C-B728-2EAB7E967658}.Release|Any CPU.Build.0 = Release|Any CPU
	EndGlobalSection
	GlobalSection(SolutionProperties) = preSolution
		HideSolutionNode = FALSE
	EndGlobalSection
EndGlobal
