
Microsoft Visual Studio Solution File, Format Version 12.00
# Visual Studio Version 16
VisualStudioVersion = 16.0.30204.135
MinimumVisualStudioVersion = 10.0.40219.1
Project("{2150E333-8FDC-42A3-9474-1A3956D46DE8}") = "1.Core (基础层)", "1.Core (基础层)", "{C3BEEFC5-7EEA-4FE3-985D-1360C875CE29}"
EndProject
Project("{2150E333-8FDC-42A3-9474-1A3956D46DE8}") = "2.Business (业务层)", "2.Business (业务层)", "{8B75C951-3F9B-4E07-B121-3EEA6A9CE36F}"
EndProject
Project("{2150E333-8FDC-42A3-9474-1A3956D46DE8}") = "3.Application (应用层)", "3.Application (应用层)", "{A6CC895E-C5D3-4EF7-91FD-31F97F1DC37D}"
EndProject
Project("{2150E333-8FDC-42A3-9474-1A3956D46DE8}") = "4.Presentation (展示层)", "4.Presentation (展示层)", "{3A990D1B-EB24-425C-81AD-53AEB4F61147}"
EndProject
Project("{2150E333-8FDC-42A3-9474-1A3956D46DE8}") = "Solution Items", "Solution Items", "{DBFA9D42-047A-4E3A-9E40-77329B1C42EB}"
	ProjectSection(SolutionItems) = preProject
		readme.txt = readme.txt
	EndProjectSection
EndProject
Project("{FAE04EC0-301F-11D3-BF4B-00C04F79EFBC}") = "RHF.Business.Models", "RHF.Business.Models\RHF.Business.Models.csproj", "{6EC9A348-BEEA-4A4A-B29E-CF921F7748F2}"
EndProject
Project("{FAE04EC0-301F-11D3-BF4B-00C04F79EFBC}") = "RHF.Core", "RHF.Core\RHF.Core\RHF.Core.csproj", "{9D85B08E-C43F-4D75-A712-B521EC5675E3}"
EndProject
Project("{FAE04EC0-301F-11D3-BF4B-00C04F79EFBC}") = "RHF.Demo.Client.Consoles", "RHF.Demo.Client.Consoles\RHF.Demo.Client.Consoles.csproj", "{42E89AFE-2D08-4A8D-88D4-736A8D615502}"
EndProject
Project("{FAE04EC0-301F-11D3-BF4B-00C04F79EFBC}") = "RHF.Core.TestSupport", "RHF.Core\RHF.Core.TestSupport\RHF.Core.TestSupport.csproj", "{ECF54531-00A5-4825-8650-DF81D12FBC56}"
EndProject
Project("{FAE04EC0-301F-11D3-BF4B-00C04F79EFBC}") = "RHF.Business.DAL", "RHF.Business.DAL\RHF.Business.DAL.csproj", "{C4C2CD9F-6178-4AF2-881A-9695B367431B}"
EndProject
Project("{FAE04EC0-301F-11D3-BF4B-00C04F79EFBC}") = "RHF.Business.Common", "RHF.Business.Common\RHF.Business.Common.csproj", "{9EDC3BC8-B0E7-4597-8B83-232EF9B655E5}"
EndProject
Project("{FAE04EC0-301F-11D3-BF4B-00C04F79EFBC}") = "RHF.Business.BLL", "RHF.Business.BLL\RHF.Business.BLL.csproj", "{264E8141-E288-4E98-ADDC-CBD87BE3A94B}"
EndProject
Project("{FAE04EC0-301F-11D3-BF4B-00C04F79EFBC}") = "RHF.Business.UnitTest", "RHF.Business.UnitTest\RHF.Business.UnitTest.csproj", "{B24175FC-8E67-4ABA-AC1D-63C81BB534BE}"
EndProject
Project("{2150E333-8FDC-42A3-9474-1A3956D46DE8}") = "5.Tools(工具)", "5.Tools(工具)", "{557694C3-21F6-495B-8AD5-4349909C3A25}"
EndProject
Project("{FAE04EC0-301F-11D3-BF4B-00C04F79EFBC}") = "EncryptHelperApp", "Tools\EncryptHelperApp\EncryptHelperApp.csproj", "{390E0CDE-FA79-4ED8-A364-D0EA4E171523}"
EndProject
Project("{FAE04EC0-301F-11D3-BF4B-00C04F79EFBC}") = "RHF.Demo", "RHF.Demo\RHF.Demo.csproj", "{E0A99485-22EF-4D6C-B728-2EAB7E967658}"
EndProject
Project("{FAE04EC0-301F-11D3-BF4B-00C04F79EFBC}") = "ReadHouseOnline", "ReadHouseOnline\ReadHouseOnline.csproj", "{30CD52FD-1F93-4991-83F9-C0039A8D2400}"
EndProject
Global
	GlobalSection(SolutionConfigurationPlatforms) = preSolution
		Debug|Any CPU = Debug|Any CPU
		Release|Any CPU = Release|Any CPU
	EndGlobalSection
	GlobalSection(ProjectConfigurationPlatforms) = postSolution
		{6EC9A348-BEEA-4A4A-B29E-CF921F7748F2}.Debug|Any CPU.ActiveCfg = Debug|Any CPU
		{6EC9A348-BEEA-4A4A-B29E-CF921F7748F2}.Debug|Any CPU.Build.0 = Debug|Any CPU
		{6EC9A348-BEEA-4A4A-B29E-CF921F7748F2}.Release|Any CPU.ActiveCfg = Release|Any CPU
		{6EC9A348-BEEA-4A4A-B29E-CF921F7748F2}.Release|Any CPU.Build.0 = Release|Any CPU
		{9D85B08E-C43F-4D75-A712-B521EC5675E3}.Debug|Any CPU.ActiveCfg = Debug|Any CPU
		{9D85B08E-C43F-4D75-A712-B521EC5675E3}.Debug|Any CPU.Build.0 = Debug|Any CPU
		{9D85B08E-C43F-4D75-A712-B521EC5675E3}.Release|Any CPU.ActiveCfg = Release|Any CPU
		{9D85B08E-C43F-4D75-A712-B521EC5675E3}.Release|Any CPU.Build.0 = Release|Any CPU
		{42E89AFE-2D08-4A8D-88D4-736A8D615502}.Debug|Any CPU.ActiveCfg = Debug|Any CPU
		{42E89AFE-2D08-4A8D-88D4-736A8D615502}.Debug|Any CPU.Build.0 = Debug|Any CPU
		{42E89AFE-2D08-4A8D-88D4-736A8D615502}.Release|Any CPU.ActiveCfg = Release|Any CPU
		{42E89AFE-2D08-4A8D-88D4-736A8D615502}.Release|Any CPU.Build.0 = Release|Any CPU
		{ECF54531-00A5-4825-8650-DF81D12FBC56}.Debug|Any CPU.ActiveCfg = Debug|Any CPU
		{ECF54531-00A5-4825-8650-DF81D12FBC56}.Debug|Any CPU.Build.0 = Debug|Any CPU
		{ECF54531-00A5-4825-8650-DF81D12FBC56}.Release|Any CPU.ActiveCfg = Release|Any CPU
		{ECF54531-00A5-4825-8650-DF81D12FBC56}.Release|Any CPU.Build.0 = Release|Any CPU
		{C4C2CD9F-6178-4AF2-881A-9695B367431B}.Debug|Any CPU.ActiveCfg = Debug|Any CPU
		{C4C2CD9F-6178-4AF2-881A-9695B367431B}.Debug|Any CPU.Build.0 = Debug|Any CPU
		{C4C2CD9F-6178-4AF2-881A-9695B367431B}.Release|Any CPU.ActiveCfg = Release|Any CPU
		{C4C2CD9F-6178-4AF2-881A-9695B367431B}.Release|Any CPU.Build.0 = Release|Any CPU
		{9EDC3BC8-B0E7-4597-8B83-232EF9B655E5}.Debug|Any CPU.ActiveCfg = Debug|Any CPU
		{9EDC3BC8-B0E7-4597-8B83-232EF9B655E5}.Debug|Any CPU.Build.0 = Debug|Any CPU
		{9EDC3BC8-B0E7-4597-8B83-232EF9B655E5}.Release|Any CPU.ActiveCfg = Release|Any CPU
		{9EDC3BC8-B0E7-4597-8B83-232EF9B655E5}.Release|Any CPU.Build.0 = Release|Any CPU
		{264E8141-E288-4E98-ADDC-CBD87BE3A94B}.Debug|Any CPU.ActiveCfg = Debug|Any CPU
		{264E8141-E288-4E98-ADDC-CBD87BE3A94B}.Debug|Any CPU.Build.0 = Debug|Any CPU
		{264E8141-E288-4E98-ADDC-CBD87BE3A94B}.Release|Any CPU.ActiveCfg = Release|Any CPU
		{264E8141-E288-4E98-ADDC-CBD87BE3A94B}.Release|Any CPU.Build.0 = Release|Any CPU
		{B24175FC-8E67-4ABA-AC1D-63C81BB534BE}.Debug|Any CPU.ActiveCfg = Debug|Any CPU
		{B24175FC-8E67-4ABA-AC1D-63C81BB534BE}.Debug|Any CPU.Build.0 = Debug|Any CPU
		{B24175FC-8E67-4ABA-AC1D-63C81BB534BE}.Release|Any CPU.ActiveCfg = Release|Any CPU
		{B24175FC-8E67-4ABA-AC1D-63C81BB534BE}.Release|Any CPU.Build.0 = Release|Any CPU
		{390E0CDE-FA79-4ED8-A364-D0EA4E171523}.Debug|Any CPU.ActiveCfg = Debug|Any CPU
		{390E0CDE-FA79-4ED8-A364-D0EA4E171523}.Debug|Any CPU.Build.0 = Debug|Any CPU
		{390E0CDE-FA79-4ED8-A364-D0EA4E171523}.Release|Any CPU.ActiveCfg = Release|Any CPU
		{390E0CDE-FA79-4ED8-A364-D0EA4E171523}.Release|Any CPU.Build.0 = Release|Any CPU
		{E0A99485-22EF-4D6C-B728-2EAB7E967658}.Debug|Any CPU.ActiveCfg = Debug|Any CPU
		{E0A99485-22EF-4D6C-B728-2EAB7E967658}.Debug|Any CPU.Build.0 = Debug|Any CPU
		{E0A99485-22EF-4D6C-B728-2EAB7E967658}.Release|Any CPU.ActiveCfg = Release|Any CPU
		{E0A99485-22EF-4D6C-B728-2EAB7E967658}.Release|Any CPU.Build.0 = Release|Any CPU
		{30CD52FD-1F93-4991-83F9-C0039A8D2400}.Debug|Any CPU.ActiveCfg = Debug|Any CPU
		{30CD52FD-1F93-4991-83F9-C0039A8D2400}.Debug|Any CPU.Build.0 = Debug|Any CPU
		{30CD52FD-1F93-4991-83F9-C0039A8D2400}.Release|Any CPU.ActiveCfg = Release|Any CPU
		{30CD52FD-1F93-4991-83F9-C0039A8D2400}.Release|Any CPU.Build.0 = Release|Any CPU
	EndGlobalSection
	GlobalSection(SolutionProperties) = preSolution
		HideSolutionNode = FALSE
	EndGlobalSection
	GlobalSection(NestedProjects) = preSolution
		{6EC9A348-BEEA-4A4A-B29E-CF921F7748F2} = {8B75C951-3F9B-4E07-B121-3EEA6A9CE36F}
		{9D85B08E-C43F-4D75-A712-B521EC5675E3} = {C3BEEFC5-7EEA-4FE3-985D-1360C875CE29}
		{42E89AFE-2D08-4A8D-88D4-736A8D615502} = {3A990D1B-EB24-425C-81AD-53AEB4F61147}
		{ECF54531-00A5-4825-8650-DF81D12FBC56} = {C3BEEFC5-7EEA-4FE3-985D-1360C875CE29}
		{C4C2CD9F-6178-4AF2-881A-9695B367431B} = {8B75C951-3F9B-4E07-B121-3EEA6A9CE36F}
		{9EDC3BC8-B0E7-4597-8B83-232EF9B655E5} = {8B75C951-3F9B-4E07-B121-3EEA6A9CE36F}
		{264E8141-E288-4E98-ADDC-CBD87BE3A94B} = {8B75C951-3F9B-4E07-B121-3EEA6A9CE36F}
		{B24175FC-8E67-4ABA-AC1D-63C81BB534BE} = {8B75C951-3F9B-4E07-B121-3EEA6A9CE36F}
		{390E0CDE-FA79-4ED8-A364-D0EA4E171523} = {557694C3-21F6-495B-8AD5-4349909C3A25}
		{E0A99485-22EF-4D6C-B728-2EAB7E967658} = {3A990D1B-EB24-425C-81AD-53AEB4F61147}
		{30CD52FD-1F93-4991-83F9-C0039A8D2400} = {3A990D1B-EB24-425C-81AD-53AEB4F61147}
	EndGlobalSection
	GlobalSection(ExtensibilityGlobals) = postSolution
		SolutionGuid = {CEA2B261-08FF-489F-802A-1D6980D121DF}
	EndGlobalSection
EndGlobal
